
Microsoft Visual Studio Solution File, Format Version 12.00
# Visual Studio Version 17
VisualStudioVersion = 17.6.33723.286
MinimumVisualStudioVersion = 10.0.40219.1
Project("{FAE04EC0-301F-11D3-BF4B-00C04F79EFBC}") = "MileageCalculator", "MileageCalculator\MileageCalculator.csproj", "{86636529-B5BD-43E8-A2BE-FE804C0771DC}"
EndProject
Global
	GlobalSection(SolutionConfigurationPlatforms) = preSolution
		Debug|Any CPU = Debug|Any CPU
		Release|Any CPU = Release|Any CPU
	EndGlobalSection
	GlobalSection(ProjectConfigurationPlatforms) = postSolution
		{86636529-B5BD-43E8-A2BE-FE804C0771DC}.Debug|Any CPU.ActiveCfg = Debug|Any CPU
		{86636529-B5BD-43E8-A2BE-FE804C0771DC}.Debug|Any CPU.Build.0 = Debug|Any CPU
		{86636529-B5BD-43E8-A2BE-FE804C0771DC}.Release|Any CPU.ActiveCfg = Release|Any CPU
		{86636529-B5BD-43E8-A2BE-FE804C0771DC}.Release|Any CPU.Build.0 = Release|Any CPU
	EndGlobalSection
	GlobalSection(SolutionProperties) = preSolution
		HideSolutionNode = FALSE
	EndGlobalSection
	GlobalSection(ExtensibilityGlobals) = postSolution
		SolutionGuid = {25C23C05-649A-4509-A60E-C8E0CCF5592E}
	EndGlobalSection
EndGlobal
